
Microsoft Visual Studio Solution File, Format Version 12.00
# Visual Studio 15
VisualStudioVersion = 15.0.27004.2005
MinimumVisualStudioVersion = 10.0.40219.1
Project("{FAE04EC0-301F-11D3-BF4B-00C04F79EFBC}") = "homeWork1", "homeWork1\homeWork1.csproj", "{9D542ED7-3408-45B7-AD85-19AFBA444EF8}"
EndProject
Project("{FAE04EC0-301F-11D3-BF4B-00C04F79EFBC}") = "task one", "task one\task one.csproj", "{CC15A69A-C78D-48D8-99DA-54379EFB8EE7}"
EndProject
Project("{FAE04EC0-301F-11D3-BF4B-00C04F79EFBC}") = "task two", "task two\task two.csproj", "{8AE1ADA5-0355-4902-A562-A14A4DF20DEC}"
EndProject
Project("{FAE04EC0-301F-11D3-BF4B-00C04F79EFBC}") = "task three", "task three\task three.csproj", "{36E8EF8B-2586-485F-99E9-A2240519D53D}"
EndProject
Project("{FAE04EC0-301F-11D3-BF4B-00C04F79EFBC}") = "task four", "task four\task four.csproj", "{DEB5FBFA-3429-4142-9235-92CB3EEE1D81}"
EndProject
Project("{FAE04EC0-301F-11D3-BF4B-00C04F79EFBC}") = "task five", "task five\task five.csproj", "{9C492775-7D25-41E7-B8CE-6ED2C01FC6FB}"
EndProject
Global
	GlobalSection(SolutionConfigurationPlatforms) = preSolution
		Debug|Any CPU = Debug|Any CPU
		Release|Any CPU = Release|Any CPU
	EndGlobalSection
	GlobalSection(ProjectConfigurationPlatforms) = postSolution
		{9D542ED7-3408-45B7-AD85-19AFBA444EF8}.Debug|Any CPU.ActiveCfg = Debug|Any CPU
		{9D542ED7-3408-45B7-AD85-19AFBA444EF8}.Debug|Any CPU.Build.0 = Debug|Any CPU
		{9D542ED7-3408-45B7-AD85-19AFBA444EF8}.Release|Any CPU.ActiveCfg = Release|Any CPU
		{9D542ED7-3408-45B7-AD85-19AFBA444EF8}.Release|Any CPU.Build.0 = Release|Any CPU
		{CC15A69A-C78D-48D8-99DA-54379EFB8EE7}.Debug|Any CPU.ActiveCfg = Debug|Any CPU
		{CC15A69A-C78D-48D8-99DA-54379EFB8EE7}.Debug|Any CPU.Build.0 = Debug|Any CPU
		{CC15A69A-C78D-48D8-99DA-54379EFB8EE7}.Release|Any CPU.ActiveCfg = Release|Any CPU
		{CC15A69A-C78D-48D8-99DA-54379EFB8EE7}.Release|Any CPU.Build.0 = Release|Any CPU
		{8AE1ADA5-0355-4902-A562-A14A4DF20DEC}.Debug|Any CPU.ActiveCfg = Debug|Any CPU
		{8AE1ADA5-0355-4902-A562-A14A4DF20DEC}.Debug|Any CPU.Build.0 = Debug|Any CPU
		{8AE1ADA5-0355-4902-A562-A14A4DF20DEC}.Release|Any CPU.ActiveCfg = Release|Any CPU
		{8AE1ADA5-0355-4902-A562-A14A4DF20DEC}.Release|Any CPU.Build.0 = Release|Any CPU
		{36E8EF8B-2586-485F-99E9-A2240519D53D}.Debug|Any CPU.ActiveCfg = Debug|Any CPU
		{36E8EF8B-2586-485F-99E9-A2240519D53D}.Debug|Any CPU.Build.0 = Debug|Any CPU
		{36E8EF8B-2586-485F-99E9-A2240519D53D}.Release|Any CPU.ActiveCfg = Release|Any CPU
		{36E8EF8B-2586-485F-99E9-A2240519D53D}.Release|Any CPU.Build.0 = Release|Any CPU
		{DEB5FBFA-3429-4142-9235-92CB3EEE1D81}.Debug|Any CPU.ActiveCfg = Debug|Any CPU
		{DEB5FBFA-3429-4142-9235-92CB3EEE1D81}.Debug|Any CPU.Build.0 = Debug|Any CPU
		{DEB5FBFA-3429-4142-9235-92CB3EEE1D81}.Release|Any CPU.ActiveCfg = Release|Any CPU
		{DEB5FBFA-3429-4142-9235-92CB3EEE1D81}.Release|Any CPU.Build.0 = Release|Any CPU
		{9C492775-7D25-41E7-B8CE-6ED2C01FC6FB}.Debug|Any CPU.ActiveCfg = Debug|Any CPU
		{9C492775-7D25-41E7-B8CE-6ED2C01FC6FB}.Debug|Any CPU.Build.0 = Debug|Any CPU
		{9C492775-7D25-41E7-B8CE-6ED2C01FC6FB}.Release|Any CPU.ActiveCfg = Release|Any CPU
		{9C492775-7D25-41E7-B8CE-6ED2C01FC6FB}.Release|Any CPU.Build.0 = Release|Any CPU
	EndGlobalSection
	GlobalSection(SolutionProperties) = preSolution
		HideSolutionNode = FALSE
	EndGlobalSection
	GlobalSection(ExtensibilityGlobals) = postSolution
		SolutionGuid = {D6B8E58F-E1D5-403C-9502-5784A6D33550}
	EndGlobalSection
EndGlobal
